// !$*UTF8*$!
{
	archiveVersion = 1;
	classes = {
	};
	objectVersion = 51;
	objects = {

/* Begin PBXBuildFile section */
		020C4C122637C18200042E94 /* JNPaddingLabel.swift in Sources */ = {isa = PBXBuildFile; fileRef = 020C4C112637C18200042E94 /* JNPaddingLabel.swift */; };
		0227EA66261164A400CAE6D9 /* UITabBarItem+JNBadge.swift in Sources */ = {isa = PBXBuildFile; fileRef = 0227EA65261164A400CAE6D9 /* UITabBarItem+JNBadge.swift */; };
		0227EA712611722300CAE6D9 /* HomeTabBarController.swift in Sources */ = {isa = PBXBuildFile; fileRef = 0227EA702611722300CAE6D9 /* HomeTabBarController.swift */; };
		022C4D9425E48C4D00332B16 /* JNFileUtils.swift in Sources */ = {isa = PBXBuildFile; fileRef = 022C4D9325E48C4D00332B16 /* JNFileUtils.swift */; };
		0256526D268C168B008E6EFF /* Storyboard.storyboard in Resources */ = {isa = PBXBuildFile; fileRef = 0256526C268C168B008E6EFF /* Storyboard.storyboard */; };
		025A2BC02601B40E00641CC3 /* JNCaptchaButton.swift in Sources */ = {isa = PBXBuildFile; fileRef = 025A2BBF2601B40E00641CC3 /* JNCaptchaButton.swift */; };
		025A2BC72601ED3500641CC3 /* JNBadgeProtocol.swift in Sources */ = {isa = PBXBuildFile; fileRef = 025A2BC62601ED3500641CC3 /* JNBadgeProtocol.swift */; };
		025A2BCA2601EFBE00641CC3 /* CAAnimation+JNBadge.swift in Sources */ = {isa = PBXBuildFile; fileRef = 025A2BC92601EFBE00641CC3 /* CAAnimation+JNBadge.swift */; };
		025A2CC12604567200641CC3 /* UIBarButtonItem+JNBadge.swift in Sources */ = {isa = PBXBuildFile; fileRef = 025A2CC02604567200641CC3 /* UIBarButtonItem+JNBadge.swift */; };
		025A2CC4260457A600641CC3 /* UIView+JNBadge.swift in Sources */ = {isa = PBXBuildFile; fileRef = 025A2CC3260457A600641CC3 /* UIView+JNBadge.swift */; };
		025E6D0E25DF6AD90022D7E9 /* JNWaterFallLayout.swift in Sources */ = {isa = PBXBuildFile; fileRef = 025E6D0D25DF6AD90022D7E9 /* JNWaterFallLayout.swift */; };
		025E6D2D25E0FD2C0022D7E9 /* JNPermissionAuth.swift in Sources */ = {isa = PBXBuildFile; fileRef = 025E6D2C25E0FD2C0022D7E9 /* JNPermissionAuth.swift */; };
		0262D1ED25EDC57D003B07C5 /* ExampleTableViewController.swift in Sources */ = {isa = PBXBuildFile; fileRef = 0262D1EC25EDC57D003B07C5 /* ExampleTableViewController.swift */; };
		0262D1F025EDCAC1003B07C5 /* NSObject+Jn.swift in Sources */ = {isa = PBXBuildFile; fileRef = 0262D1EF25EDCAC1003B07C5 /* NSObject+Jn.swift */; };
		0262D1FB25EDEE94003B07C5 /* Runtime+Jn.swift in Sources */ = {isa = PBXBuildFile; fileRef = 0262D1FA25EDEE94003B07C5 /* Runtime+Jn.swift */; };
		0262D21225EF2453003B07C5 /* JNVerticalAlignLabel.swift in Sources */ = {isa = PBXBuildFile; fileRef = 0262D21125EF2453003B07C5 /* JNVerticalAlignLabel.swift */; };
		026C53EB268D65BC00E60D3D /* JNDefaultWrapper.swift in Sources */ = {isa = PBXBuildFile; fileRef = 026C53EA268D65BC00E60D3D /* JNDefaultWrapper.swift */; };
		026C53ED268E97F400E60D3D /* Learn-Codable.swift in Sources */ = {isa = PBXBuildFile; fileRef = 026C53EC268E97F400E60D3D /* Learn-Codable.swift */; };
		02871FB826C20818005050BD /* JNRxSwiftViewController.swift in Sources */ = {isa = PBXBuildFile; fileRef = 02871FB726C20818005050BD /* JNRxSwiftViewController.swift */; };
		02871FBC26C2098C005050BD /* JNViewCell.swift in Sources */ = {isa = PBXBuildFile; fileRef = 02871FBA26C2098C005050BD /* JNViewCell.swift */; };
		02871FBD26C2098C005050BD /* JNViewCell.xib in Resources */ = {isa = PBXBuildFile; fileRef = 02871FBB26C2098C005050BD /* JNViewCell.xib */; };
		02871FBF26C20FF9005050BD /* JNMoyaPlugin.swift in Sources */ = {isa = PBXBuildFile; fileRef = 02871FBE26C20FF9005050BD /* JNMoyaPlugin.swift */; };
		028721FD26C5FAFA005050BD /* JNFilterItemModel.swift in Sources */ = {isa = PBXBuildFile; fileRef = 028721FC26C5FAFA005050BD /* JNFilterItemModel.swift */; };
		028721FF26C5FCFC005050BD /* JNFilterModel.swift in Sources */ = {isa = PBXBuildFile; fileRef = 028721FE26C5FCFC005050BD /* JNFilterModel.swift */; };
		0287220126C60C1F005050BD /* JNFilterTitleTableViewCell.swift in Sources */ = {isa = PBXBuildFile; fileRef = 0287220026C60C1F005050BD /* JNFilterTitleTableViewCell.swift */; };
		0287220626C6162C005050BD /* JNFilterItemTableViewCell.swift in Sources */ = {isa = PBXBuildFile; fileRef = 0287220426C6162C005050BD /* JNFilterItemTableViewCell.swift */; };
		0287220726C6162C005050BD /* JNFilterItemTableViewCell.xib in Resources */ = {isa = PBXBuildFile; fileRef = 0287220526C6162C005050BD /* JNFilterItemTableViewCell.xib */; };
		0287220926C64F22005050BD /* JNFilterMenuView.swift in Sources */ = {isa = PBXBuildFile; fileRef = 0287220826C64F22005050BD /* JNFilterMenuView.swift */; };
		0295B19926BB6AC100A0D6EF /* JNNamespace.swift in Sources */ = {isa = PBXBuildFile; fileRef = 0295B19826BB6AC100A0D6EF /* JNNamespace.swift */; };
		0295B19C26BB8F3100A0D6EF /* CMTime+Jn.swift in Sources */ = {isa = PBXBuildFile; fileRef = 0295B19A26BB8F3100A0D6EF /* CMTime+Jn.swift */; };
		0295B19D26BB8F3100A0D6EF /* MPNowPlayingInfoCenter+Jn.swift in Sources */ = {isa = PBXBuildFile; fileRef = 0295B19B26BB8F3100A0D6EF /* MPNowPlayingInfoCenter+Jn.swift */; };
		0295B1A126C0C8C700A0D6EF /* DouBanAPI.swift in Sources */ = {isa = PBXBuildFile; fileRef = 0295B1A026C0C8C700A0D6EF /* DouBanAPI.swift */; };
		0295B1A326C0C94100A0D6EF /* DouBanViewController.swift in Sources */ = {isa = PBXBuildFile; fileRef = 0295B1A226C0C94100A0D6EF /* DouBanViewController.swift */; };
		0295B1A926C0D94C00A0D6EF /* JNViewModelType.swift in Sources */ = {isa = PBXBuildFile; fileRef = 0295B1A826C0D94C00A0D6EF /* JNViewModelType.swift */; };
		0295B1AC26C0D9B500A0D6EF /* JNViewModel.swift in Sources */ = {isa = PBXBuildFile; fileRef = 0295B1AB26C0D9B500A0D6EF /* JNViewModel.swift */; };
		0295B1AF26C0DA3400A0D6EF /* JNModel.swift in Sources */ = {isa = PBXBuildFile; fileRef = 0295B1AE26C0DA3400A0D6EF /* JNModel.swift */; };
		0295B1B226C0DC3900A0D6EF /* JNAPI.swift in Sources */ = {isa = PBXBuildFile; fileRef = 0295B1B126C0DC3900A0D6EF /* JNAPI.swift */; };
		0295B1BB26C1063C00A0D6EF /* JNProgressHUD.swift in Sources */ = {isa = PBXBuildFile; fileRef = 0295B1BA26C1063C00A0D6EF /* JNProgressHUD.swift */; };
		0295B1C026C11F9900A0D6EF /* Observable+HandyJSON.swift in Sources */ = {isa = PBXBuildFile; fileRef = 0295B1BF26C11F9900A0D6EF /* Observable+HandyJSON.swift */; };
		02B249EF25B5389200AC62AE /* JNLog.swift in Sources */ = {isa = PBXBuildFile; fileRef = 02B249EE25B5389200AC62AE /* JNLog.swift */; };
		02C5B69226BA33E10065AED0 /* EvaluateImageCell.swift in Sources */ = {isa = PBXBuildFile; fileRef = 02C5B69126BA33E10065AED0 /* EvaluateImageCell.swift */; };
		02C5B69526BA34CA0065AED0 /* EvaluateCell.swift in Sources */ = {isa = PBXBuildFile; fileRef = 02C5B69326BA34CA0065AED0 /* EvaluateCell.swift */; };
		02C5B69626BA34CA0065AED0 /* EvaluateCell.xib in Resources */ = {isa = PBXBuildFile; fileRef = 02C5B69426BA34CA0065AED0 /* EvaluateCell.xib */; };
		02C5B69826BA42D80065AED0 /* EvaluateModel.swift in Sources */ = {isa = PBXBuildFile; fileRef = 02C5B69726BA42D80065AED0 /* EvaluateModel.swift */; };
		02C5B69A26BA43830065AED0 /* EvaluateViewController.swift in Sources */ = {isa = PBXBuildFile; fileRef = 02C5B69926BA43830065AED0 /* EvaluateViewController.swift */; };
		120E94E0259B075E00D7C708 /* Dictionary+Jn.swift in Sources */ = {isa = PBXBuildFile; fileRef = 120E94DF259B075E00D7C708 /* Dictionary+Jn.swift */; };
		120E94E4259B080D00D7C708 /* Data+Jn.swift in Sources */ = {isa = PBXBuildFile; fileRef = 120E94E3259B080D00D7C708 /* Data+Jn.swift */; };
		120E94E7259B085500D7C708 /* Array+Jn.swift in Sources */ = {isa = PBXBuildFile; fileRef = 120E94E6259B085500D7C708 /* Array+Jn.swift */; };
		120E9505259B0B8E00D7C708 /* UIViewController+Jn.swift in Sources */ = {isa = PBXBuildFile; fileRef = 120E9504259B0B8E00D7C708 /* UIViewController+Jn.swift */; };
		120E96E3259C85EB00D7C708 /* UIView+Jn.swift in Sources */ = {isa = PBXBuildFile; fileRef = 120E96E2259C85EB00D7C708 /* UIView+Jn.swift */; };
		120E96EC259D583B00D7C708 /* UIColor+Jn.swift in Sources */ = {isa = PBXBuildFile; fileRef = 120E96EB259D583B00D7C708 /* UIColor+Jn.swift */; };
		120E972E259D81B500D7C708 /* UILabel+Jn.swift in Sources */ = {isa = PBXBuildFile; fileRef = 120E972D259D81B500D7C708 /* UILabel+Jn.swift */; };
		12863F62258B2CBF009AAC8E /* AppDelegate.swift in Sources */ = {isa = PBXBuildFile; fileRef = 12863F61258B2CBF009AAC8E /* AppDelegate.swift */; };
		12863F64258B2CBF009AAC8E /* SceneDelegate.swift in Sources */ = {isa = PBXBuildFile; fileRef = 12863F63258B2CBF009AAC8E /* SceneDelegate.swift */; };
		12863F6B258B2CC0009AAC8E /* Assets.xcassets in Resources */ = {isa = PBXBuildFile; fileRef = 12863F6A258B2CC0009AAC8E /* Assets.xcassets */; };
		12863F6E258B2CC0009AAC8E /* LaunchScreen.storyboard in Resources */ = {isa = PBXBuildFile; fileRef = 12863F6C258B2CC0009AAC8E /* LaunchScreen.storyboard */; };
		12D0CBE32595760500C495CA /* Double+Jn.swift in Sources */ = {isa = PBXBuildFile; fileRef = 12D0CBE22595760500C495CA /* Double+Jn.swift */; };
		341713A72BA7ABB10C304883 /* Pods_SwiftProject.framework in Frameworks */ = {isa = PBXBuildFile; fileRef = 668319CD478CBB4CAC4AF2F4 /* Pods_SwiftProject.framework */; };
/* End PBXBuildFile section */

/* Begin PBXFileReference section */
		020C4C112637C18200042E94 /* JNPaddingLabel.swift */ = {isa = PBXFileReference; lastKnownFileType = sourcecode.swift; path = JNPaddingLabel.swift; sourceTree = "<group>"; };
		0227EA65261164A400CAE6D9 /* UITabBarItem+JNBadge.swift */ = {isa = PBXFileReference; lastKnownFileType = sourcecode.swift; path = "UITabBarItem+JNBadge.swift"; sourceTree = "<group>"; };
		0227EA702611722300CAE6D9 /* HomeTabBarController.swift */ = {isa = PBXFileReference; lastKnownFileType = sourcecode.swift; path = HomeTabBarController.swift; sourceTree = "<group>"; };
		022C4D9325E48C4D00332B16 /* JNFileUtils.swift */ = {isa = PBXFileReference; lastKnownFileType = sourcecode.swift; path = JNFileUtils.swift; sourceTree = "<group>"; };
		0256526C268C168B008E6EFF /* Storyboard.storyboard */ = {isa = PBXFileReference; lastKnownFileType = file.storyboard; path = Storyboard.storyboard; sourceTree = "<group>"; };
		025A2BBF2601B40E00641CC3 /* JNCaptchaButton.swift */ = {isa = PBXFileReference; lastKnownFileType = sourcecode.swift; path = JNCaptchaButton.swift; sourceTree = "<group>"; };
		025A2BC62601ED3500641CC3 /* JNBadgeProtocol.swift */ = {isa = PBXFileReference; lastKnownFileType = sourcecode.swift; path = JNBadgeProtocol.swift; sourceTree = "<group>"; };
		025A2BC92601EFBE00641CC3 /* CAAnimation+JNBadge.swift */ = {isa = PBXFileReference; lastKnownFileType = sourcecode.swift; path = "CAAnimation+JNBadge.swift"; sourceTree = "<group>"; };
		025A2CC02604567200641CC3 /* UIBarButtonItem+JNBadge.swift */ = {isa = PBXFileReference; lastKnownFileType = sourcecode.swift; path = "UIBarButtonItem+JNBadge.swift"; sourceTree = "<group>"; };
		025A2CC3260457A600641CC3 /* UIView+JNBadge.swift */ = {isa = PBXFileReference; lastKnownFileType = sourcecode.swift; path = "UIView+JNBadge.swift"; sourceTree = "<group>"; };
		025E6D0D25DF6AD90022D7E9 /* JNWaterFallLayout.swift */ = {isa = PBXFileReference; lastKnownFileType = sourcecode.swift; name = JNWaterFallLayout.swift; path = SwiftProject/JNKit/UICollectionViewLayout/JNWaterFallLayout.swift; sourceTree = SOURCE_ROOT; };
		025E6D2C25E0FD2C0022D7E9 /* JNPermissionAuth.swift */ = {isa = PBXFileReference; lastKnownFileType = sourcecode.swift; name = JNPermissionAuth.swift; path = SwiftProject/JNKit/Permisson/JNPermissionAuth.swift; sourceTree = SOURCE_ROOT; };
		0262D1EC25EDC57D003B07C5 /* ExampleTableViewController.swift */ = {isa = PBXFileReference; lastKnownFileType = sourcecode.swift; path = ExampleTableViewController.swift; sourceTree = "<group>"; };
		0262D1EF25EDCAC1003B07C5 /* NSObject+Jn.swift */ = {isa = PBXFileReference; lastKnownFileType = sourcecode.swift; path = "NSObject+Jn.swift"; sourceTree = "<group>"; };
		0262D1FA25EDEE94003B07C5 /* Runtime+Jn.swift */ = {isa = PBXFileReference; lastKnownFileType = sourcecode.swift; path = "Runtime+Jn.swift"; sourceTree = "<group>"; };
		0262D21125EF2453003B07C5 /* JNVerticalAlignLabel.swift */ = {isa = PBXFileReference; lastKnownFileType = sourcecode.swift; path = JNVerticalAlignLabel.swift; sourceTree = "<group>"; };
		026C53EA268D65BC00E60D3D /* JNDefaultWrapper.swift */ = {isa = PBXFileReference; lastKnownFileType = sourcecode.swift; path = JNDefaultWrapper.swift; sourceTree = "<group>"; };
		026C53EC268E97F400E60D3D /* Learn-Codable.swift */ = {isa = PBXFileReference; lastKnownFileType = sourcecode.swift; path = "Learn-Codable.swift"; sourceTree = "<group>"; };
		02871FB726C20818005050BD /* JNRxSwiftViewController.swift */ = {isa = PBXFileReference; lastKnownFileType = sourcecode.swift; path = JNRxSwiftViewController.swift; sourceTree = "<group>"; };
		02871FBA26C2098C005050BD /* JNViewCell.swift */ = {isa = PBXFileReference; fileEncoding = 4; lastKnownFileType = sourcecode.swift; path = JNViewCell.swift; sourceTree = "<group>"; };
		02871FBB26C2098C005050BD /* JNViewCell.xib */ = {isa = PBXFileReference; fileEncoding = 4; lastKnownFileType = file.xib; path = JNViewCell.xib; sourceTree = "<group>"; };
		02871FBE26C20FF9005050BD /* JNMoyaPlugin.swift */ = {isa = PBXFileReference; lastKnownFileType = sourcecode.swift; path = JNMoyaPlugin.swift; sourceTree = "<group>"; };
		028721FC26C5FAFA005050BD /* JNFilterItemModel.swift */ = {isa = PBXFileReference; lastKnownFileType = sourcecode.swift; path = JNFilterItemModel.swift; sourceTree = "<group>"; };
		028721FE26C5FCFC005050BD /* JNFilterModel.swift */ = {isa = PBXFileReference; lastKnownFileType = sourcecode.swift; path = JNFilterModel.swift; sourceTree = "<group>"; };
		0287220026C60C1F005050BD /* JNFilterTitleTableViewCell.swift */ = {isa = PBXFileReference; lastKnownFileType = sourcecode.swift; path = JNFilterTitleTableViewCell.swift; sourceTree = "<group>"; };
		0287220426C6162C005050BD /* JNFilterItemTableViewCell.swift */ = {isa = PBXFileReference; lastKnownFileType = sourcecode.swift; path = JNFilterItemTableViewCell.swift; sourceTree = "<group>"; };
		0287220526C6162C005050BD /* JNFilterItemTableViewCell.xib */ = {isa = PBXFileReference; lastKnownFileType = file.xib; path = JNFilterItemTableViewCell.xib; sourceTree = "<group>"; };
		0287220826C64F22005050BD /* JNFilterMenuView.swift */ = {isa = PBXFileReference; lastKnownFileType = sourcecode.swift; path = JNFilterMenuView.swift; sourceTree = "<group>"; };
		0295B19826BB6AC100A0D6EF /* JNNamespace.swift */ = {isa = PBXFileReference; lastKnownFileType = sourcecode.swift; path = JNNamespace.swift; sourceTree = "<group>"; };
		0295B19A26BB8F3100A0D6EF /* CMTime+Jn.swift */ = {isa = PBXFileReference; fileEncoding = 4; lastKnownFileType = sourcecode.swift; path = "CMTime+Jn.swift"; sourceTree = "<group>"; };
		0295B19B26BB8F3100A0D6EF /* MPNowPlayingInfoCenter+Jn.swift */ = {isa = PBXFileReference; fileEncoding = 4; lastKnownFileType = sourcecode.swift; path = "MPNowPlayingInfoCenter+Jn.swift"; sourceTree = "<group>"; };
		0295B1A026C0C8C700A0D6EF /* DouBanAPI.swift */ = {isa = PBXFileReference; lastKnownFileType = sourcecode.swift; path = DouBanAPI.swift; sourceTree = "<group>"; };
		0295B1A226C0C94100A0D6EF /* DouBanViewController.swift */ = {isa = PBXFileReference; lastKnownFileType = sourcecode.swift; path = DouBanViewController.swift; sourceTree = "<group>"; };
		0295B1A826C0D94C00A0D6EF /* JNViewModelType.swift */ = {isa = PBXFileReference; lastKnownFileType = sourcecode.swift; path = JNViewModelType.swift; sourceTree = "<group>"; };
		0295B1AB26C0D9B500A0D6EF /* JNViewModel.swift */ = {isa = PBXFileReference; lastKnownFileType = sourcecode.swift; path = JNViewModel.swift; sourceTree = "<group>"; };
		0295B1AE26C0DA3400A0D6EF /* JNModel.swift */ = {isa = PBXFileReference; lastKnownFileType = sourcecode.swift; path = JNModel.swift; sourceTree = "<group>"; };
		0295B1B126C0DC3900A0D6EF /* JNAPI.swift */ = {isa = PBXFileReference; lastKnownFileType = sourcecode.swift; path = JNAPI.swift; sourceTree = "<group>"; };
		0295B1BA26C1063C00A0D6EF /* JNProgressHUD.swift */ = {isa = PBXFileReference; lastKnownFileType = sourcecode.swift; path = JNProgressHUD.swift; sourceTree = "<group>"; };
		0295B1BF26C11F9900A0D6EF /* Observable+HandyJSON.swift */ = {isa = PBXFileReference; lastKnownFileType = sourcecode.swift; path = "Observable+HandyJSON.swift"; sourceTree = "<group>"; };
		02B249EE25B5389200AC62AE /* JNLog.swift */ = {isa = PBXFileReference; lastKnownFileType = sourcecode.swift; name = JNLog.swift; path = SwiftProject/JnKit/Log/JNLog.swift; sourceTree = SOURCE_ROOT; };
		02C5B69126BA33E10065AED0 /* EvaluateImageCell.swift */ = {isa = PBXFileReference; lastKnownFileType = sourcecode.swift; path = EvaluateImageCell.swift; sourceTree = "<group>"; };
		02C5B69326BA34CA0065AED0 /* EvaluateCell.swift */ = {isa = PBXFileReference; lastKnownFileType = sourcecode.swift; path = EvaluateCell.swift; sourceTree = "<group>"; };
		02C5B69426BA34CA0065AED0 /* EvaluateCell.xib */ = {isa = PBXFileReference; lastKnownFileType = file.xib; path = EvaluateCell.xib; sourceTree = "<group>"; };
		02C5B69726BA42D80065AED0 /* EvaluateModel.swift */ = {isa = PBXFileReference; lastKnownFileType = sourcecode.swift; path = EvaluateModel.swift; sourceTree = "<group>"; };
		02C5B69926BA43830065AED0 /* EvaluateViewController.swift */ = {isa = PBXFileReference; lastKnownFileType = sourcecode.swift; path = EvaluateViewController.swift; sourceTree = "<group>"; };
		120E94DF259B075E00D7C708 /* Dictionary+Jn.swift */ = {isa = PBXFileReference; lastKnownFileType = sourcecode.swift; path = "Dictionary+Jn.swift"; sourceTree = "<group>"; };
		120E94E3259B080D00D7C708 /* Data+Jn.swift */ = {isa = PBXFileReference; lastKnownFileType = sourcecode.swift; path = "Data+Jn.swift"; sourceTree = "<group>"; };
		120E94E6259B085500D7C708 /* Array+Jn.swift */ = {isa = PBXFileReference; lastKnownFileType = sourcecode.swift; path = "Array+Jn.swift"; sourceTree = "<group>"; };
		120E9504259B0B8E00D7C708 /* UIViewController+Jn.swift */ = {isa = PBXFileReference; lastKnownFileType = sourcecode.swift; path = "UIViewController+Jn.swift"; sourceTree = "<group>"; };
		120E96E2259C85EB00D7C708 /* UIView+Jn.swift */ = {isa = PBXFileReference; lastKnownFileType = sourcecode.swift; path = "UIView+Jn.swift"; sourceTree = "<group>"; };
		120E96EB259D583B00D7C708 /* UIColor+Jn.swift */ = {isa = PBXFileReference; lastKnownFileType = sourcecode.swift; path = "UIColor+Jn.swift"; sourceTree = "<group>"; };
		120E972D259D81B500D7C708 /* UILabel+Jn.swift */ = {isa = PBXFileReference; lastKnownFileType = sourcecode.swift; path = "UILabel+Jn.swift"; sourceTree = "<group>"; };
		12863F5E258B2CBF009AAC8E /* SwiftProject.app */ = {isa = PBXFileReference; explicitFileType = wrapper.application; includeInIndex = 0; path = SwiftProject.app; sourceTree = BUILT_PRODUCTS_DIR; };
		12863F61258B2CBF009AAC8E /* AppDelegate.swift */ = {isa = PBXFileReference; lastKnownFileType = sourcecode.swift; path = AppDelegate.swift; sourceTree = "<group>"; };
		12863F63258B2CBF009AAC8E /* SceneDelegate.swift */ = {isa = PBXFileReference; lastKnownFileType = sourcecode.swift; path = SceneDelegate.swift; sourceTree = "<group>"; };
		12863F6A258B2CC0009AAC8E /* Assets.xcassets */ = {isa = PBXFileReference; lastKnownFileType = folder.assetcatalog; path = Assets.xcassets; sourceTree = "<group>"; };
		12863F6D258B2CC0009AAC8E /* Base */ = {isa = PBXFileReference; lastKnownFileType = file.storyboard; name = Base; path = Base.lproj/LaunchScreen.storyboard; sourceTree = "<group>"; };
		12863F6F258B2CC0009AAC8E /* Info.plist */ = {isa = PBXFileReference; lastKnownFileType = text.plist.xml; path = Info.plist; sourceTree = "<group>"; };
		12D0CBE22595760500C495CA /* Double+Jn.swift */ = {isa = PBXFileReference; fileEncoding = 4; lastKnownFileType = sourcecode.swift; path = "Double+Jn.swift"; sourceTree = "<group>"; };
		668319CD478CBB4CAC4AF2F4 /* Pods_SwiftProject.framework */ = {isa = PBXFileReference; explicitFileType = wrapper.framework; includeInIndex = 0; path = Pods_SwiftProject.framework; sourceTree = BUILT_PRODUCTS_DIR; };
		669C35667CCE060C1FD4B65F /* Pods-SwiftProject.release.xcconfig */ = {isa = PBXFileReference; includeInIndex = 1; lastKnownFileType = text.xcconfig; name = "Pods-SwiftProject.release.xcconfig"; path = "Target Support Files/Pods-SwiftProject/Pods-SwiftProject.release.xcconfig"; sourceTree = "<group>"; };
		83B43FA7B09CFB0027D12EF4 /* Pods-SwiftProject.debug.xcconfig */ = {isa = PBXFileReference; includeInIndex = 1; lastKnownFileType = text.xcconfig; name = "Pods-SwiftProject.debug.xcconfig"; path = "Target Support Files/Pods-SwiftProject/Pods-SwiftProject.debug.xcconfig"; sourceTree = "<group>"; };
/* End PBXFileReference section */

/* Begin PBXFrameworksBuildPhase section */
		12863F5B258B2CBF009AAC8E /* Frameworks */ = {
			isa = PBXFrameworksBuildPhase;
			buildActionMask = 2147483647;
			files = (
				341713A72BA7ABB10C304883 /* Pods_SwiftProject.framework in Frameworks */,
			);
			runOnlyForDeploymentPostprocessing = 0;
		};
/* End PBXFrameworksBuildPhase section */

/* Begin PBXGroup section */
		0227EA6B2611701200CAE6D9 /* JNLabel */ = {
			isa = PBXGroup;
			children = (
				0262D21125EF2453003B07C5 /* JNVerticalAlignLabel.swift */,
				020C4C112637C18200042E94 /* JNPaddingLabel.swift */,
			);
			path = JNLabel;
			sourceTree = "<group>";
		};
		025A2BBE2601A23300641CC3 /* JNTheme */ = {
			isa = PBXGroup;
			children = (
			);
			path = JNTheme;
			sourceTree = "<group>";
		};
		025A2BC52601ECFF00641CC3 /* JNBadge */ = {
			isa = PBXGroup;
			children = (
				025A2BC62601ED3500641CC3 /* JNBadgeProtocol.swift */,
				025A2BC92601EFBE00641CC3 /* CAAnimation+JNBadge.swift */,
				025A2CC3260457A600641CC3 /* UIView+JNBadge.swift */,
				025A2CC02604567200641CC3 /* UIBarButtonItem+JNBadge.swift */,
				0227EA65261164A400CAE6D9 /* UITabBarItem+JNBadge.swift */,
			);
			path = JNBadge;
			sourceTree = "<group>";
		};
		025E6D0C25DF6AB90022D7E9 /* UICollectionViewLayout */ = {
			isa = PBXGroup;
			children = (
				025E6D0D25DF6AD90022D7E9 /* JNWaterFallLayout.swift */,
			);
			path = UICollectionViewLayout;
			sourceTree = "<group>";
		};
		025E6D1F25E097EC0022D7E9 /* Learn */ = {
			isa = PBXGroup;
			children = (
				026C53EC268E97F400E60D3D /* Learn-Codable.swift */,
			);
			path = Learn;
			sourceTree = "<group>";
		};
		025E6D2B25E0FCD20022D7E9 /* Permisson */ = {
			isa = PBXGroup;
			children = (
				025E6D2C25E0FD2C0022D7E9 /* JNPermissionAuth.swift */,
			);
			path = Permisson;
			sourceTree = "<group>";
		};
		0262D1C325E89514003B07C5 /* Utils */ = {
			isa = PBXGroup;
			children = (
				022C4D9325E48C4D00332B16 /* JNFileUtils.swift */,
				026C53EA268D65BC00E60D3D /* JNDefaultWrapper.swift */,
			);
			path = Utils;
			sourceTree = "<group>";
		};
		0262D1E725EDC416003B07C5 /* Example */ = {
			isa = PBXGroup;
			children = (
				0227EA702611722300CAE6D9 /* HomeTabBarController.swift */,
				0262D1EC25EDC57D003B07C5 /* ExampleTableViewController.swift */,
			);
			path = Example;
			sourceTree = "<group>";
		};
		0262D21025EF241C003B07C5 /* UI */ = {
			isa = PBXGroup;
			children = (
				028721FB26C5FADA005050BD /* JNFilterMenuView */,
				02C5B68D26BA2CC70065AED0 /* Component */,
				0227EA6B2611701200CAE6D9 /* JNLabel */,
				025A2BC52601ECFF00641CC3 /* JNBadge */,
				025A2BBF2601B40E00641CC3 /* JNCaptchaButton.swift */,
			);
			path = UI;
			sourceTree = "<group>";
		};
		02871FB626C20800005050BD /* Controller */ = {
			isa = PBXGroup;
			children = (
				02871FB726C20818005050BD /* JNRxSwiftViewController.swift */,
			);
			path = Controller;
			sourceTree = "<group>";
		};
		02871FB926C20981005050BD /* View */ = {
			isa = PBXGroup;
			children = (
				02871FBA26C2098C005050BD /* JNViewCell.swift */,
				02871FBB26C2098C005050BD /* JNViewCell.xib */,
			);
			path = View;
			sourceTree = "<group>";
		};
		028721E426C36617005050BD /* RxXMLY */ = {
			isa = PBXGroup;
			children = (
			);
			path = RxXMLY;
			sourceTree = "<group>";
		};
		028721FB26C5FADA005050BD /* JNFilterMenuView */ = {
			isa = PBXGroup;
			children = (
				028721FE26C5FCFC005050BD /* JNFilterModel.swift */,
				028721FC26C5FAFA005050BD /* JNFilterItemModel.swift */,
				0287220026C60C1F005050BD /* JNFilterTitleTableViewCell.swift */,
				0287220426C6162C005050BD /* JNFilterItemTableViewCell.swift */,
				0287220526C6162C005050BD /* JNFilterItemTableViewCell.xib */,
				0287220826C64F22005050BD /* JNFilterMenuView.swift */,
			);
			path = JNFilterMenuView;
			sourceTree = "<group>";
		};
		0295B19E26C0C7FE00A0D6EF /* RxSwift */ = {
			isa = PBXGroup;
			children = (
				0295B1B926C1062200A0D6EF /* Tool */,
				0295B1A626C0D92800A0D6EF /* JN */,
				0295B19F26C0C8AB00A0D6EF /* DouBan */,
			);
			path = RxSwift;
			sourceTree = "<group>";
		};
		0295B19F26C0C8AB00A0D6EF /* DouBan */ = {
			isa = PBXGroup;
			children = (
				0295B1A026C0C8C700A0D6EF /* DouBanAPI.swift */,
				0295B1A226C0C94100A0D6EF /* DouBanViewController.swift */,
			);
			path = DouBan;
			sourceTree = "<group>";
		};
		0295B1A626C0D92800A0D6EF /* JN */ = {
			isa = PBXGroup;
			children = (
				02871FB926C20981005050BD /* View */,
				02871FB626C20800005050BD /* Controller */,
				0295B1A726C0D93700A0D6EF /* Protocol */,
				0295B1B026C0DC2200A0D6EF /* Serivce */,
				0295B1AD26C0DA2900A0D6EF /* Model */,
				0295B1AA26C0D98500A0D6EF /* ViewModel */,
			);
			path = JN;
			sourceTree = "<group>";
		};
		0295B1A726C0D93700A0D6EF /* Protocol */ = {
			isa = PBXGroup;
			children = (
				0295B1A826C0D94C00A0D6EF /* JNViewModelType.swift */,
			);
			path = Protocol;
			sourceTree = "<group>";
		};
		0295B1AA26C0D98500A0D6EF /* ViewModel */ = {
			isa = PBXGroup;
			children = (
				0295B1AB26C0D9B500A0D6EF /* JNViewModel.swift */,
			);
			path = ViewModel;
			sourceTree = "<group>";
		};
		0295B1AD26C0DA2900A0D6EF /* Model */ = {
			isa = PBXGroup;
			children = (
				0295B1AE26C0DA3400A0D6EF /* JNModel.swift */,
			);
			path = Model;
			sourceTree = "<group>";
		};
		0295B1B026C0DC2200A0D6EF /* Serivce */ = {
			isa = PBXGroup;
			children = (
				0295B1B126C0DC3900A0D6EF /* JNAPI.swift */,
				0295B1BF26C11F9900A0D6EF /* Observable+HandyJSON.swift */,
				02871FBE26C20FF9005050BD /* JNMoyaPlugin.swift */,
			);
			path = Serivce;
			sourceTree = "<group>";
		};
		0295B1B926C1062200A0D6EF /* Tool */ = {
			isa = PBXGroup;
			children = (
				0295B1BA26C1063C00A0D6EF /* JNProgressHUD.swift */,
			);
			path = Tool;
			sourceTree = "<group>";
		};
		02B24A3A25B6B4CD00AC62AE /* Log */ = {
			isa = PBXGroup;
			children = (
				02B249EE25B5389200AC62AE /* JNLog.swift */,
			);
			path = Log;
			sourceTree = "<group>";
		};
		02C5B68D26BA2CC70065AED0 /* Component */ = {
			isa = PBXGroup;
			children = (
				02C5B69026BA33BC0065AED0 /* Evaluate */,
			);
			path = Component;
			sourceTree = "<group>";
		};
		02C5B69026BA33BC0065AED0 /* Evaluate */ = {
			isa = PBXGroup;
			children = (
				02C5B69126BA33E10065AED0 /* EvaluateImageCell.swift */,
				02C5B69326BA34CA0065AED0 /* EvaluateCell.swift */,
				02C5B69426BA34CA0065AED0 /* EvaluateCell.xib */,
				02C5B69726BA42D80065AED0 /* EvaluateModel.swift */,
				02C5B69926BA43830065AED0 /* EvaluateViewController.swift */,
			);
			path = Evaluate;
			sourceTree = "<group>";
		};
		120E9758259DD01F00D7C708 /* Extension */ = {
			isa = PBXGroup;
			children = (
				0295B19826BB6AC100A0D6EF /* JNNamespace.swift */,
				120E96EB259D583B00D7C708 /* UIColor+Jn.swift */,
				120E96E2259C85EB00D7C708 /* UIView+Jn.swift */,
				120E9504259B0B8E00D7C708 /* UIViewController+Jn.swift */,
				120E972D259D81B500D7C708 /* UILabel+Jn.swift */,
				12D0CBE22595760500C495CA /* Double+Jn.swift */,
				120E94E3259B080D00D7C708 /* Data+Jn.swift */,
				120E94DF259B075E00D7C708 /* Dictionary+Jn.swift */,
				120E94E6259B085500D7C708 /* Array+Jn.swift */,
				0295B19A26BB8F3100A0D6EF /* CMTime+Jn.swift */,
				0295B19B26BB8F3100A0D6EF /* MPNowPlayingInfoCenter+Jn.swift */,
				0262D1EF25EDCAC1003B07C5 /* NSObject+Jn.swift */,
				0262D1FA25EDEE94003B07C5 /* Runtime+Jn.swift */,
			);
			path = Extension;
			sourceTree = "<group>";
		};
		12863F55258B2CBF009AAC8E = {
			isa = PBXGroup;
			children = (
				12863F60258B2CBF009AAC8E /* SwiftProject */,
				12863F5F258B2CBF009AAC8E /* Products */,
				354E67825474D6CA3CD927BD /* Pods */,
				C0AC25228DDA178AF3E0EAB9 /* Frameworks */,
			);
			sourceTree = "<group>";
		};
		12863F5F258B2CBF009AAC8E /* Products */ = {
			isa = PBXGroup;
			children = (
				12863F5E258B2CBF009AAC8E /* SwiftProject.app */,
			);
			name = Products;
			sourceTree = "<group>";
		};
		12863F60258B2CBF009AAC8E /* SwiftProject */ = {
			isa = PBXGroup;
			children = (
				028721E426C36617005050BD /* RxXMLY */,
				0295B19E26C0C7FE00A0D6EF /* RxSwift */,
				0262D1E725EDC416003B07C5 /* Example */,
				025E6D1F25E097EC0022D7E9 /* Learn */,
				12D0CBE12595760500C495CA /* JNKit */,
				12863F61258B2CBF009AAC8E /* AppDelegate.swift */,
				12863F63258B2CBF009AAC8E /* SceneDelegate.swift */,
				0256526C268C168B008E6EFF /* Storyboard.storyboard */,
				12863F6A258B2CC0009AAC8E /* Assets.xcassets */,
				12863F6C258B2CC0009AAC8E /* LaunchScreen.storyboard */,
				12863F6F258B2CC0009AAC8E /* Info.plist */,
			);
			path = SwiftProject;
			sourceTree = "<group>";
		};
		12D0CBE12595760500C495CA /* JNKit */ = {
			isa = PBXGroup;
			children = (
				025A2BBE2601A23300641CC3 /* JNTheme */,
				0262D21025EF241C003B07C5 /* UI */,
				0262D1C325E89514003B07C5 /* Utils */,
				025E6D2B25E0FCD20022D7E9 /* Permisson */,
				025E6D0C25DF6AB90022D7E9 /* UICollectionViewLayout */,
				02B24A3A25B6B4CD00AC62AE /* Log */,
				120E9758259DD01F00D7C708 /* Extension */,
			);
			path = JNKit;
			sourceTree = "<group>";
		};
		354E67825474D6CA3CD927BD /* Pods */ = {
			isa = PBXGroup;
			children = (
				83B43FA7B09CFB0027D12EF4 /* Pods-SwiftProject.debug.xcconfig */,
				669C35667CCE060C1FD4B65F /* Pods-SwiftProject.release.xcconfig */,
			);
			path = Pods;
			sourceTree = "<group>";
		};
		C0AC25228DDA178AF3E0EAB9 /* Frameworks */ = {
			isa = PBXGroup;
			children = (
				668319CD478CBB4CAC4AF2F4 /* Pods_SwiftProject.framework */,
			);
			name = Frameworks;
			sourceTree = "<group>";
		};
/* End PBXGroup section */

/* Begin PBXNativeTarget section */
		12863F5D258B2CBF009AAC8E /* SwiftProject */ = {
			isa = PBXNativeTarget;
			buildConfigurationList = 12863F72258B2CC0009AAC8E /* Build configuration list for PBXNativeTarget "SwiftProject" */;
			buildPhases = (
				4B2EF49423851D32E2AF854A /* [CP] Check Pods Manifest.lock */,
				12863F5A258B2CBF009AAC8E /* Sources */,
				12863F5B258B2CBF009AAC8E /* Frameworks */,
				12863F5C258B2CBF009AAC8E /* Resources */,
				73798F73638B09C7867D9488 /* [CP] Embed Pods Frameworks */,
			);
			buildRules = (
			);
			dependencies = (
			);
			name = SwiftProject;
			productName = SwiftProject;
			productReference = 12863F5E258B2CBF009AAC8E /* SwiftProject.app */;
			productType = "com.apple.product-type.application";
		};
/* End PBXNativeTarget section */

/* Begin PBXProject section */
		12863F56258B2CBF009AAC8E /* Project object */ = {
			isa = PBXProject;
			attributes = {
				LastSwiftUpdateCheck = 1220;
				LastUpgradeCheck = 1220;
				TargetAttributes = {
					12863F5D258B2CBF009AAC8E = {
						CreatedOnToolsVersion = 12.2;
					};
				};
			};
			buildConfigurationList = 12863F59258B2CBF009AAC8E /* Build configuration list for PBXProject "SwiftProject" */;
			compatibilityVersion = "Xcode 9.3";
			developmentRegion = en;
			hasScannedForEncodings = 0;
			knownRegions = (
				en,
				Base,
			);
			mainGroup = 12863F55258B2CBF009AAC8E;
			productRefGroup = 12863F5F258B2CBF009AAC8E /* Products */;
			projectDirPath = "";
			projectRoot = "";
			targets = (
				12863F5D258B2CBF009AAC8E /* SwiftProject */,
			);
		};
/* End PBXProject section */

/* Begin PBXResourcesBuildPhase section */
		12863F5C258B2CBF009AAC8E /* Resources */ = {
			isa = PBXResourcesBuildPhase;
			buildActionMask = 2147483647;
			files = (
				02C5B69626BA34CA0065AED0 /* EvaluateCell.xib in Resources */,
				12863F6E258B2CC0009AAC8E /* LaunchScreen.storyboard in Resources */,
				12863F6B258B2CC0009AAC8E /* Assets.xcassets in Resources */,
				02871FBD26C2098C005050BD /* JNViewCell.xib in Resources */,
				0287220726C6162C005050BD /* JNFilterItemTableViewCell.xib in Resources */,
				0256526D268C168B008E6EFF /* Storyboard.storyboard in Resources */,
			);
			runOnlyForDeploymentPostprocessing = 0;
		};
/* End PBXResourcesBuildPhase section */

/* Begin PBXShellScriptBuildPhase section */
		4B2EF49423851D32E2AF854A /* [CP] Check Pods Manifest.lock */ = {
			isa = PBXShellScriptBuildPhase;
			buildActionMask = 2147483647;
			files = (
			);
			inputFileListPaths = (
			);
			inputPaths = (
				"${PODS_PODFILE_DIR_PATH}/Podfile.lock",
				"${PODS_ROOT}/Manifest.lock",
			);
			name = "[CP] Check Pods Manifest.lock";
			outputFileListPaths = (
			);
			outputPaths = (
				"$(DERIVED_FILE_DIR)/Pods-SwiftProject-checkManifestLockResult.txt",
			);
			runOnlyForDeploymentPostprocessing = 0;
			shellPath = /bin/sh;
			shellScript = "diff \"${PODS_PODFILE_DIR_PATH}/Podfile.lock\" \"${PODS_ROOT}/Manifest.lock\" > /dev/null\nif [ $? != 0 ] ; then\n    # print error to STDERR\n    echo \"error: The sandbox is not in sync with the Podfile.lock. Run 'pod install' or update your CocoaPods installation.\" >&2\n    exit 1\nfi\n# This output is used by Xcode 'outputs' to avoid re-running this script phase.\necho \"SUCCESS\" > \"${SCRIPT_OUTPUT_FILE_0}\"\n";
			showEnvVarsInLog = 0;
		};
		73798F73638B09C7867D9488 /* [CP] Embed Pods Frameworks */ = {
			isa = PBXShellScriptBuildPhase;
			buildActionMask = 2147483647;
			files = (
			);
			inputFileListPaths = (
				"${PODS_ROOT}/Target Support Files/Pods-SwiftProject/Pods-SwiftProject-frameworks-${CONFIGURATION}-input-files.xcfilelist",
			);
			name = "[CP] Embed Pods Frameworks";
			outputFileListPaths = (
				"${PODS_ROOT}/Target Support Files/Pods-SwiftProject/Pods-SwiftProject-frameworks-${CONFIGURATION}-output-files.xcfilelist",
			);
			runOnlyForDeploymentPostprocessing = 0;
			shellPath = /bin/sh;
			shellScript = "\"${PODS_ROOT}/Target Support Files/Pods-SwiftProject/Pods-SwiftProject-frameworks.sh\"\n";
			showEnvVarsInLog = 0;
		};
/* End PBXShellScriptBuildPhase section */

/* Begin PBXSourcesBuildPhase section */
		12863F5A258B2CBF009AAC8E /* Sources */ = {
			isa = PBXSourcesBuildPhase;
			buildActionMask = 2147483647;
			files = (
				02B249EF25B5389200AC62AE /* JNLog.swift in Sources */,
				0295B1AF26C0DA3400A0D6EF /* JNModel.swift in Sources */,
				025A2BC02601B40E00641CC3 /* JNCaptchaButton.swift in Sources */,
				0295B1C026C11F9900A0D6EF /* Observable+HandyJSON.swift in Sources */,
				0295B1BB26C1063C00A0D6EF /* JNProgressHUD.swift in Sources */,
				02C5B69226BA33E10065AED0 /* EvaluateImageCell.swift in Sources */,
				0295B19D26BB8F3100A0D6EF /* MPNowPlayingInfoCenter+Jn.swift in Sources */,
				028721FD26C5FAFA005050BD /* JNFilterItemModel.swift in Sources */,
				0295B19C26BB8F3100A0D6EF /* CMTime+Jn.swift in Sources */,
				0262D1FB25EDEE94003B07C5 /* Runtime+Jn.swift in Sources */,
				120E972E259D81B500D7C708 /* UILabel+Jn.swift in Sources */,
				025E6D0E25DF6AD90022D7E9 /* JNWaterFallLayout.swift in Sources */,
				0295B1A326C0C94100A0D6EF /* DouBanViewController.swift in Sources */,
				120E9505259B0B8E00D7C708 /* UIViewController+Jn.swift in Sources */,
				02C5B69526BA34CA0065AED0 /* EvaluateCell.swift in Sources */,
				0295B1B226C0DC3900A0D6EF /* JNAPI.swift in Sources */,
				025A2CC12604567200641CC3 /* UIBarButtonItem+JNBadge.swift in Sources */,
				0295B19926BB6AC100A0D6EF /* JNNamespace.swift in Sources */,
				022C4D9425E48C4D00332B16 /* JNFileUtils.swift in Sources */,
				02871FBF26C20FF9005050BD /* JNMoyaPlugin.swift in Sources */,
				0295B1A126C0C8C700A0D6EF /* DouBanAPI.swift in Sources */,
				12D0CBE32595760500C495CA /* Double+Jn.swift in Sources */,
				0287220926C64F22005050BD /* JNFilterMenuView.swift in Sources */,
				0287220126C60C1F005050BD /* JNFilterTitleTableViewCell.swift in Sources */,
				026C53EB268D65BC00E60D3D /* JNDefaultWrapper.swift in Sources */,
				02C5B69A26BA43830065AED0 /* EvaluateViewController.swift in Sources */,
				02871FB826C20818005050BD /* JNRxSwiftViewController.swift in Sources */,
				0262D1ED25EDC57D003B07C5 /* ExampleTableViewController.swift in Sources */,
				120E94E7259B085500D7C708 /* Array+Jn.swift in Sources */,
				025A2BC72601ED3500641CC3 /* JNBadgeProtocol.swift in Sources */,
				020C4C122637C18200042E94 /* JNPaddingLabel.swift in Sources */,
				02871FBC26C2098C005050BD /* JNViewCell.swift in Sources */,
				0262D1F025EDCAC1003B07C5 /* NSObject+Jn.swift in Sources */,
				0262D21225EF2453003B07C5 /* JNVerticalAlignLabel.swift in Sources */,
				0295B1A926C0D94C00A0D6EF /* JNViewModelType.swift in Sources */,
				0227EA66261164A400CAE6D9 /* UITabBarItem+JNBadge.swift in Sources */,
				026C53ED268E97F400E60D3D /* Learn-Codable.swift in Sources */,
				12863F62258B2CBF009AAC8E /* AppDelegate.swift in Sources */,
				120E96EC259D583B00D7C708 /* UIColor+Jn.swift in Sources */,
				0287220626C6162C005050BD /* JNFilterItemTableViewCell.swift in Sources */,
				02C5B69826BA42D80065AED0 /* EvaluateModel.swift in Sources */,
				025A2CC4260457A600641CC3 /* UIView+JNBadge.swift in Sources */,
				120E94E4259B080D00D7C708 /* Data+Jn.swift in Sources */,
				0227EA712611722300CAE6D9 /* HomeTabBarController.swift in Sources */,
				025A2BCA2601EFBE00641CC3 /* CAAnimation+JNBadge.swift in Sources */,
				025E6D2D25E0FD2C0022D7E9 /* JNPermissionAuth.swift in Sources */,
				12863F64258B2CBF009AAC8E /* SceneDelegate.swift in Sources */,
				120E96E3259C85EB00D7C708 /* UIView+Jn.swift in Sources */,
				028721FF26C5FCFC005050BD /* JNFilterModel.swift in Sources */,
				0295B1AC26C0D9B500A0D6EF /* JNViewModel.swift in Sources */,
				120E94E0259B075E00D7C708 /* Dictionary+Jn.swift in Sources */,
			);
			runOnlyForDeploymentPostprocessing = 0;
		};
/* End PBXSourcesBuildPhase section */

/* Begin PBXVariantGroup section */
		12863F6C258B2CC0009AAC8E /* LaunchScreen.storyboard */ = {
			isa = PBXVariantGroup;
			children = (
				12863F6D258B2CC0009AAC8E /* Base */,
			);
			name = LaunchScreen.storyboard;
			sourceTree = "<group>";
		};
/* End PBXVariantGroup section */

/* Begin XCBuildConfiguration section */
		12863F70258B2CC0009AAC8E /* Debug */ = {
			isa = XCBuildConfiguration;
			buildSettings = {
				ALWAYS_SEARCH_USER_PATHS = NO;
				CLANG_ANALYZER_NONNULL = YES;
				CLANG_ANALYZER_NUMBER_OBJECT_CONVERSION = YES_AGGRESSIVE;
				CLANG_CXX_LANGUAGE_STANDARD = "gnu++14";
				CLANG_CXX_LIBRARY = "libc++";
				CLANG_ENABLE_MODULES = YES;
				CLANG_ENABLE_OBJC_ARC = YES;
				CLANG_ENABLE_OBJC_WEAK = YES;
				CLANG_WARN_BLOCK_CAPTURE_AUTORELEASING = YES;
				CLANG_WARN_BOOL_CONVERSION = YES;
				CLANG_WARN_COMMA = YES;
				CLANG_WARN_CONSTANT_CONVERSION = YES;
				CLANG_WARN_DEPRECATED_OBJC_IMPLEMENTATIONS = YES;
				CLANG_WARN_DIRECT_OBJC_ISA_USAGE = YES_ERROR;
				CLANG_WARN_DOCUMENTATION_COMMENTS = YES;
				CLANG_WARN_EMPTY_BODY = YES;
				CLANG_WARN_ENUM_CONVERSION = YES;
				CLANG_WARN_INFINITE_RECURSION = YES;
				CLANG_WARN_INT_CONVERSION = YES;
				CLANG_WARN_NON_LITERAL_NULL_CONVERSION = YES;
				CLANG_WARN_OBJC_IMPLICIT_RETAIN_SELF = YES;
				CLANG_WARN_OBJC_LITERAL_CONVERSION = YES;
				CLANG_WARN_OBJC_ROOT_CLASS = YES_ERROR;
				CLANG_WARN_QUOTED_INCLUDE_IN_FRAMEWORK_HEADER = YES;
				CLANG_WARN_RANGE_LOOP_ANALYSIS = YES;
				CLANG_WARN_STRICT_PROTOTYPES = YES;
				CLANG_WARN_SUSPICIOUS_MOVE = YES;
				CLANG_WARN_UNGUARDED_AVAILABILITY = YES_AGGRESSIVE;
				CLANG_WARN_UNREACHABLE_CODE = YES;
				CLANG_WARN__DUPLICATE_METHOD_MATCH = YES;
				COPY_PHASE_STRIP = NO;
				DEBUG_INFORMATION_FORMAT = dwarf;
				ENABLE_STRICT_OBJC_MSGSEND = YES;
				ENABLE_TESTABILITY = YES;
				GCC_C_LANGUAGE_STANDARD = gnu11;
				GCC_DYNAMIC_NO_PIC = NO;
				GCC_NO_COMMON_BLOCKS = YES;
				GCC_OPTIMIZATION_LEVEL = 0;
				GCC_PREPROCESSOR_DEFINITIONS = (
					"DEBUG=1",
					"$(inherited)",
				);
				GCC_WARN_64_TO_32_BIT_CONVERSION = YES;
				GCC_WARN_ABOUT_RETURN_TYPE = YES_ERROR;
				GCC_WARN_UNDECLARED_SELECTOR = YES;
				GCC_WARN_UNINITIALIZED_AUTOS = YES_AGGRESSIVE;
				GCC_WARN_UNUSED_FUNCTION = YES;
				GCC_WARN_UNUSED_VARIABLE = YES;
				IPHONEOS_DEPLOYMENT_TARGET = 14.2;
				MTL_ENABLE_DEBUG_INFO = INCLUDE_SOURCE;
				MTL_FAST_MATH = YES;
				ONLY_ACTIVE_ARCH = YES;
				SDKROOT = iphoneos;
				SWIFT_ACTIVE_COMPILATION_CONDITIONS = DEBUG;
				SWIFT_OPTIMIZATION_LEVEL = "-Onone";
			};
			name = Debug;
		};
		12863F71258B2CC0009AAC8E /* Release */ = {
			isa = XCBuildConfiguration;
			buildSettings = {
				ALWAYS_SEARCH_USER_PATHS = NO;
				CLANG_ANALYZER_NONNULL = YES;
				CLANG_ANALYZER_NUMBER_OBJECT_CONVERSION = YES_AGGRESSIVE;
				CLANG_CXX_LANGUAGE_STANDARD = "gnu++14";
				CLANG_CXX_LIBRARY = "libc++";
				CLANG_ENABLE_MODULES = YES;
				CLANG_ENABLE_OBJC_ARC = YES;
				CLANG_ENABLE_OBJC_WEAK = YES;
				CLANG_WARN_BLOCK_CAPTURE_AUTORELEASING = YES;
				CLANG_WARN_BOOL_CONVERSION = YES;
				CLANG_WARN_COMMA = YES;
				CLANG_WARN_CONSTANT_CONVERSION = YES;
				CLANG_WARN_DEPRECATED_OBJC_IMPLEMENTATIONS = YES;
				CLANG_WARN_DIRECT_OBJC_ISA_USAGE = YES_ERROR;
				CLANG_WARN_DOCUMENTATION_COMMENTS = YES;
				CLANG_WARN_EMPTY_BODY = YES;
				CLANG_WARN_ENUM_CONVERSION = YES;
				CLANG_WARN_INFINITE_RECURSION = YES;
				CLANG_WARN_INT_CONVERSION = YES;
				CLANG_WARN_NON_LITERAL_NULL_CONVERSION = YES;
				CLANG_WARN_OBJC_IMPLICIT_RETAIN_SELF = YES;
				CLANG_WARN_OBJC_LITERAL_CONVERSION = YES;
				CLANG_WARN_OBJC_ROOT_CLASS = YES_ERROR;
				CLANG_WARN_QUOTED_INCLUDE_IN_FRAMEWORK_HEADER = YES;
				CLANG_WARN_RANGE_LOOP_ANALYSIS = YES;
				CLANG_WARN_STRICT_PROTOTYPES = YES;
				CLANG_WARN_SUSPICIOUS_MOVE = YES;
				CLANG_WARN_UNGUARDED_AVAILABILITY = YES_AGGRESSIVE;
				CLANG_WARN_UNREACHABLE_CODE = YES;
				CLANG_WARN__DUPLICATE_METHOD_MATCH = YES;
				COPY_PHASE_STRIP = NO;
				DEBUG_INFORMATION_FORMAT = "dwarf-with-dsym";
				ENABLE_NS_ASSERTIONS = NO;
				ENABLE_STRICT_OBJC_MSGSEND = YES;
				GCC_C_LANGUAGE_STANDARD = gnu11;
				GCC_NO_COMMON_BLOCKS = YES;
				GCC_WARN_64_TO_32_BIT_CONVERSION = YES;
				GCC_WARN_ABOUT_RETURN_TYPE = YES_ERROR;
				GCC_WARN_UNDECLARED_SELECTOR = YES;
				GCC_WARN_UNINITIALIZED_AUTOS = YES_AGGRESSIVE;
				GCC_WARN_UNUSED_FUNCTION = YES;
				GCC_WARN_UNUSED_VARIABLE = YES;
				IPHONEOS_DEPLOYMENT_TARGET = 14.2;
				MTL_ENABLE_DEBUG_INFO = NO;
				MTL_FAST_MATH = YES;
				SDKROOT = iphoneos;
				SWIFT_COMPILATION_MODE = wholemodule;
				SWIFT_OPTIMIZATION_LEVEL = "-O";
				VALIDATE_PRODUCT = YES;
			};
			name = Release;
		};
		12863F73258B2CC0009AAC8E /* Debug */ = {
			isa = XCBuildConfiguration;
			baseConfigurationReference = 83B43FA7B09CFB0027D12EF4 /* Pods-SwiftProject.debug.xcconfig */;
			buildSettings = {
				ASSETCATALOG_COMPILER_APPICON_NAME = AppIcon;
				ASSETCATALOG_COMPILER_GLOBAL_ACCENT_COLOR_NAME = AccentColor;
				CODE_SIGN_STYLE = Automatic;
				DEVELOPMENT_TEAM = YSP8KHKLRV;
				INFOPLIST_FILE = SwiftProject/Info.plist;
				IPHONEOS_DEPLOYMENT_TARGET = 11.0;
				LD_RUNPATH_SEARCH_PATHS = (
					"$(inherited)",
					"@executable_path/Frameworks",
				);
				PRODUCT_BUNDLE_IDENTIFIER = com.huang.SwiftProject;
				PRODUCT_NAME = "$(TARGET_NAME)";
				SWIFT_VERSION = 5.0;
				TARGETED_DEVICE_FAMILY = "1,2";
			};
			name = Debug;
		};
		12863F74258B2CC0009AAC8E /* Release */ = {
			isa = XCBuildConfiguration;
			baseConfigurationReference = 669C35667CCE060C1FD4B65F /* Pods-SwiftProject.release.xcconfig */;
			buildSettings = {
				ASSETCATALOG_COMPILER_APPICON_NAME = AppIcon;
				ASSETCATALOG_COMPILER_GLOBAL_ACCENT_COLOR_NAME = AccentColor;
				CODE_SIGN_STYLE = Automatic;
				DEVELOPMENT_TEAM = YSP8KHKLRV;
				INFOPLIST_FILE = SwiftProject/Info.plist;
				IPHONEOS_DEPLOYMENT_TARGET = 11.0;
				LD_RUNPATH_SEARCH_PATHS = (
					"$(inherited)",
					"@executable_path/Frameworks",
				);
				PRODUCT_BUNDLE_IDENTIFIER = com.huang.SwiftProject;
				PRODUCT_NAME = "$(TARGET_NAME)";
				SWIFT_VERSION = 5.0;
				TARGETED_DEVICE_FAMILY = "1,2";
			};
			name = Release;
		};
/* End XCBuildConfiguration section */

/* Begin XCConfigurationList section */
		12863F59258B2CBF009AAC8E /* Build configuration list for PBXProject "SwiftProject" */ = {
			isa = XCConfigurationList;
			buildConfigurations = (
				12863F70258B2CC0009AAC8E /* Debug */,
				12863F71258B2CC0009AAC8E /* Release */,
			);
			defaultConfigurationIsVisible = 0;
			defaultConfigurationName = Release;
		};
		12863F72258B2CC0009AAC8E /* Build configuration list for PBXNativeTarget "SwiftProject" */ = {
			isa = XCConfigurationList;
			buildConfigurations = (
				12863F73258B2CC0009AAC8E /* Debug */,
				12863F74258B2CC0009AAC8E /* Release */,
			);
			defaultConfigurationIsVisible = 0;
			defaultConfigurationName = Release;
		};
/* End XCConfigurationList section */
	};
	rootObject = 12863F56258B2CBF009AAC8E /* Project object */;
}
